
Microsoft Visual Studio Solution File, Format Version 12.00
# Visual Studio Version 16
VisualStudioVersion = 16.0.31424.327
MinimumVisualStudioVersion = 10.0.40219.1
Project("{9A19103F-16F7-4668-BE54-9A1E7A4F7556}") = "GoFish", "GoFishConsole\GoFish.csproj", "{D0638FB4-306A-457B-A4F7-A7A971670F22}"
EndProject
Project("{9A19103F-16F7-4668-BE54-9A1E7A4F7556}") = "GoFishUnitTest", "GoFish\GoFishUnitTest.csproj", "{BEEB2DD2-5143-4F8D-944C-8085B23E4CFA}"
EndProject
Global
	GlobalSection(SolutionConfigurationPlatforms) = preSolution
		Debug|Any CPU = Debug|Any CPU
		Release|Any CPU = Release|Any CPU
	EndGlobalSection
	GlobalSection(ProjectConfigurationPlatforms) = postSolution
		{D0638FB4-306A-457B-A4F7-A7A971670F22}.Debug|Any CPU.ActiveCfg = Debug|Any CPU
		{D0638FB4-306A-457B-A4F7-A7A971670F22}.Debug|Any CPU.Build.0 = Debug|Any CPU
		{D0638FB4-306A-457B-A4F7-A7A971670F22}.Release|Any CPU.ActiveCfg = Release|Any CPU
		{D0638FB4-306A-457B-A4F7-A7A971670F22}.Release|Any CPU.Build.0 = Release|Any CPU
		{BEEB2DD2-5143-4F8D-944C-8085B23E4CFA}.Debug|Any CPU.ActiveCfg = Debug|Any CPU
		{BEEB2DD2-5143-4F8D-944C-8085B23E4CFA}.Debug|Any CPU.Build.0 = Debug|Any CPU
		{BEEB2DD2-5143-4F8D-944C-8085B23E4CFA}.Release|Any CPU.ActiveCfg = Release|Any CPU
		{BEEB2DD2-5143-4F8D-944C-8085B23E4CFA}.Release|Any CPU.Build.0 = Release|Any CPU
	EndGlobalSection
	GlobalSection(SolutionProperties) = preSolution
		HideSolutionNode = FALSE
	EndGlobalSection
	GlobalSection(ExtensibilityGlobals) = postSolution
		SolutionGuid = {3878DFAF-5086-4A94-9B95-A632D07A928C}
	EndGlobalSection
EndGlobal
